
Microsoft Visual Studio Solution File, Format Version 12.00
# Visual Studio Version 17
VisualStudioVersion = 17.11.35312.102
MinimumVisualStudioVersion = 10.0.40219.1
Project("{9A19103F-16F7-4668-BE54-9A1E7A4F7556}") = "TelegramInsuranceBot.ConsoleApp", "TelegramInsuranceBot.ConsoleApp\TelegramInsuranceBot.ConsoleApp.csproj", "{7B3C43A0-4CEC-4F32-B336-8A3EC84EAF90}"
EndProject
Project("{9A19103F-16F7-4668-BE54-9A1E7A4F7556}") = "TelegramInsuranceBot.Application", "TelegramInsuranceBot.Application\TelegramInsuranceBot.Application.csproj", "{23979464-7E61-4F69-9137-9B3019F20280}"
EndProject
Project("{9A19103F-16F7-4668-BE54-9A1E7A4F7556}") = "TelegramInsuranceBot.Domain", "TelegramInsuranceBot.Domain\TelegramInsuranceBot.Domain.csproj", "{330F07C6-A3FF-48E5-A858-DAD02212D06B}"
EndProject
Project("{9A19103F-16F7-4668-BE54-9A1E7A4F7556}") = "TelegramInsuranceBot.Infrastructure", "TelegramInsuranceBot.Infrastructure\TelegramInsuranceBot.Infrastructure.csproj", "{09D6C656-7410-49A8-86E5-486125F1B3FF}"
EndProject
Project("{2150E333-8FDC-42A3-9474-1A3956D46DE8}") = "Solution Items", "Solution Items", "{420CA298-F099-4DFF-9479-FBDB0FE396CC}"
	ProjectSection(SolutionItems) = preProject
		.fly.toml = .fly.toml
	EndProjectSection
EndProject
Global
	GlobalSection(SolutionConfigurationPlatforms) = preSolution
		Debug|Any CPU = Debug|Any CPU
		Release|Any CPU = Release|Any CPU
	EndGlobalSection
	GlobalSection(ProjectConfigurationPlatforms) = postSolution
		{7B3C43A0-4CEC-4F32-B336-8A3EC84EAF90}.Debug|Any CPU.ActiveCfg = Debug|Any CPU
		{7B3C43A0-4CEC-4F32-B336-8A3EC84EAF90}.Debug|Any CPU.Build.0 = Debug|Any CPU
		{7B3C43A0-4CEC-4F32-B336-8A3EC84EAF90}.Release|Any CPU.ActiveCfg = Release|Any CPU
		{7B3C43A0-4CEC-4F32-B336-8A3EC84EAF90}.Release|Any CPU.Build.0 = Release|Any CPU
		{23979464-7E61-4F69-9137-9B3019F20280}.Debug|Any CPU.ActiveCfg = Debug|Any CPU
		{23979464-7E61-4F69-9137-9B3019F20280}.Debug|Any CPU.Build.0 = Debug|Any CPU
		{23979464-7E61-4F69-9137-9B3019F20280}.Release|Any CPU.ActiveCfg = Release|Any CPU
		{23979464-7E61-4F69-9137-9B3019F20280}.Release|Any CPU.Build.0 = Release|Any CPU
		{330F07C6-A3FF-48E5-A858-DAD02212D06B}.Debug|Any CPU.ActiveCfg = Debug|Any CPU
		{330F07C6-A3FF-48E5-A858-DAD02212D06B}.Debug|Any CPU.Build.0 = Debug|Any CPU
		{330F07C6-A3FF-48E5-A858-DAD02212D06B}.Release|Any CPU.ActiveCfg = Release|Any CPU
		{330F07C6-A3FF-48E5-A858-DAD02212D06B}.Release|Any CPU.Build.0 = Release|Any CPU
		{09D6C656-7410-49A8-86E5-486125F1B3FF}.Debug|Any CPU.ActiveCfg = Debug|Any CPU
		{09D6C656-7410-49A8-86E5-486125F1B3FF}.Debug|Any CPU.Build.0 = Debug|Any CPU
		{09D6C656-7410-49A8-86E5-486125F1B3FF}.Release|Any CPU.ActiveCfg = Release|Any CPU
		{09D6C656-7410-49A8-86E5-486125F1B3FF}.Release|Any CPU.Build.0 = Release|Any CPU
	EndGlobalSection
	GlobalSection(SolutionProperties) = preSolution
		HideSolutionNode = FALSE
	EndGlobalSection
	GlobalSection(ExtensibilityGlobals) = postSolution
		SolutionGuid = {13D1A5AA-BC81-4BEF-9C9C-09A03EA5C932}
	EndGlobalSection
EndGlobal
